
Microsoft Visual Studio Solution File, Format Version 12.00
# Visual Studio 15
Project("{FAE04EC0-301F-11D3-BF4B-00C04F79EFBC}") = "GitHubExplorer", "GitHubExplorer\GitHubExplorer.csproj", "{46A13852-CF96-4C60-8D53-2FF3648E85CE}"
EndProject
Global
	GlobalSection(SolutionConfigurationPlatforms) = preSolution
		Debug|x86 = Debug|x86
		Release|x86 = Release|x86
	EndGlobalSection
	GlobalSection(ProjectConfigurationPlatforms) = postSolution
		{46A13852-CF96-4C60-8D53-2FF3648E85CE}.Debug|x86.ActiveCfg = Debug|Any CPU
		{46A13852-CF96-4C60-8D53-2FF3648E85CE}.Debug|x86.Build.0 = Debug|Any CPU
		{46A13852-CF96-4C60-8D53-2FF3648E85CE}.Release|x86.ActiveCfg = Release|Any CPU
		{46A13852-CF96-4C60-8D53-2FF3648E85CE}.Release|x86.Build.0 = Release|Any CPU
	EndGlobalSection
EndGlobal
