
Microsoft Visual Studio Solution File, Format Version 12.00
# Visual Studio 15
Project("{FAE04EC0-301F-11D3-BF4B-00C04F79EFBC}") = "GitHubExplorer", "GitHubExplorer\GitHubExplorer.csproj", "{E1E0FB2D-4B73-4270-A057-F2D2BF3DA902}"
EndProject
Global
	GlobalSection(SolutionConfigurationPlatforms) = preSolution
		Debug|x86 = Debug|x86
		Release|x86 = Release|x86
	EndGlobalSection
	GlobalSection(ProjectConfigurationPlatforms) = postSolution
		{E1E0FB2D-4B73-4270-A057-F2D2BF3DA902}.Debug|x86.ActiveCfg = Debug|x86
		{E1E0FB2D-4B73-4270-A057-F2D2BF3DA902}.Debug|x86.Build.0 = Debug|x86
		{E1E0FB2D-4B73-4270-A057-F2D2BF3DA902}.Release|x86.ActiveCfg = Release|x86
		{E1E0FB2D-4B73-4270-A057-F2D2BF3DA902}.Release|x86.Build.0 = Release|x86
	EndGlobalSection
EndGlobal
